
Microsoft Visual Studio Solution File, Format Version 12.00
# Visual Studio Version 16
VisualStudioVersion = 16.0.30907.101
MinimumVisualStudioVersion = 10.0.40219.1
Project("{FAE04EC0-301F-11D3-BF4B-00C04F79EFBC}") = "RobotsVsDinosaurs", "RobotsVsDinosaurs.csproj", "{78C46867-FD5E-40E2-92B5-40B752750580}"
EndProject
Global
	GlobalSection(SolutionConfigurationPlatforms) = preSolution
		Debug|Any CPU = Debug|Any CPU
		Release|Any CPU = Release|Any CPU
	EndGlobalSection
	GlobalSection(ProjectConfigurationPlatforms) = postSolution
		{78C46867-FD5E-40E2-92B5-40B752750580}.Debug|Any CPU.ActiveCfg = Debug|Any CPU
		{78C46867-FD5E-40E2-92B5-40B752750580}.Debug|Any CPU.Build.0 = Debug|Any CPU
		{78C46867-FD5E-40E2-92B5-40B752750580}.Release|Any CPU.ActiveCfg = Release|Any CPU
		{78C46867-FD5E-40E2-92B5-40B752750580}.Release|Any CPU.Build.0 = Release|Any CPU
	EndGlobalSection
	GlobalSection(SolutionProperties) = preSolution
		HideSolutionNode = FALSE
	EndGlobalSection
	GlobalSection(ExtensibilityGlobals) = postSolution
		SolutionGuid = {69AE125B-8499-4232-BC41-6B503CBFFD95}
	EndGlobalSection
EndGlobal
